
Microsoft Visual Studio Solution File, Format Version 12.00
# Visual Studio Version 16
VisualStudioVersion = 16.0.28714.193
MinimumVisualStudioVersion = 10.0.40219.1
Project("{FAE04EC0-301F-11D3-BF4B-00C04F79EFBC}") = "ApiAngular", "ApiAngular\ApiAngular.csproj", "{805F4E27-F1E6-42EA-91BD-1F4823DFB430}"
EndProject
Global
	GlobalSection(SolutionConfigurationPlatforms) = preSolution
		Debug|Any CPU = Debug|Any CPU
		Release|Any CPU = Release|Any CPU
	EndGlobalSection
	GlobalSection(ProjectConfigurationPlatforms) = postSolution
		{805F4E27-F1E6-42EA-91BD-1F4823DFB430}.Debug|Any CPU.ActiveCfg = Debug|Any CPU
		{805F4E27-F1E6-42EA-91BD-1F4823DFB430}.Debug|Any CPU.Build.0 = Debug|Any CPU
		{805F4E27-F1E6-42EA-91BD-1F4823DFB430}.Release|Any CPU.ActiveCfg = Release|Any CPU
		{805F4E27-F1E6-42EA-91BD-1F4823DFB430}.Release|Any CPU.Build.0 = Release|Any CPU
	EndGlobalSection
	GlobalSection(SolutionProperties) = preSolution
		HideSolutionNode = FALSE
	EndGlobalSection
	GlobalSection(ExtensibilityGlobals) = postSolution
		SolutionGuid = {6A46AA81-321A-401E-B3E2-87B182B5D3E0}
	EndGlobalSection
EndGlobal
